
Microsoft Visual Studio Solution File, Format Version 12.00
# Visual Studio Version 17
VisualStudioVersion = 17.11.35208.52
MinimumVisualStudioVersion = 10.0.40219.1
Project("{FAE04EC0-301F-11D3-BF4B-00C04F79EFBC}") = "QUICK_INVENTORY", "QUICK_INVENTORY\QUICK_INVENTORY.csproj", "{2A3AA8D5-D704-459D-83D4-463ED401F707}"
EndProject
Project("{FAE04EC0-301F-11D3-BF4B-00C04F79EFBC}") = "QUICK_INVENTORY.Client", "QUICK_INVENTORY.Client\QUICK_INVENTORY.Client.csproj", "{726D06FC-80F5-42A5-8E4A-70ADB781EA0F}"
EndProject
Project("{FAE04EC0-301F-11D3-BF4B-00C04F79EFBC}") = "QUICK_INVENTORY.Shared", "QUICK_INVENTORY.Shared\QUICK_INVENTORY.Shared.csproj", "{657B6041-2247-494A-939A-65E46A2629F3}"
EndProject
Global
	GlobalSection(SolutionConfigurationPlatforms) = preSolution
		Debug|Any CPU = Debug|Any CPU
		Release|Any CPU = Release|Any CPU
	EndGlobalSection
	GlobalSection(ProjectConfigurationPlatforms) = postSolution
		{2A3AA8D5-D704-459D-83D4-463ED401F707}.Debug|Any CPU.ActiveCfg = Debug|Any CPU
		{2A3AA8D5-D704-459D-83D4-463ED401F707}.Debug|Any CPU.Build.0 = Debug|Any CPU
		{2A3AA8D5-D704-459D-83D4-463ED401F707}.Release|Any CPU.ActiveCfg = Release|Any CPU
		{2A3AA8D5-D704-459D-83D4-463ED401F707}.Release|Any CPU.Build.0 = Release|Any CPU
		{726D06FC-80F5-42A5-8E4A-70ADB781EA0F}.Debug|Any CPU.ActiveCfg = Debug|Any CPU
		{726D06FC-80F5-42A5-8E4A-70ADB781EA0F}.Debug|Any CPU.Build.0 = Debug|Any CPU
		{726D06FC-80F5-42A5-8E4A-70ADB781EA0F}.Release|Any CPU.ActiveCfg = Release|Any CPU
		{726D06FC-80F5-42A5-8E4A-70ADB781EA0F}.Release|Any CPU.Build.0 = Release|Any CPU
		{657B6041-2247-494A-939A-65E46A2629F3}.Debug|Any CPU.ActiveCfg = Debug|Any CPU
		{657B6041-2247-494A-939A-65E46A2629F3}.Debug|Any CPU.Build.0 = Debug|Any CPU
		{657B6041-2247-494A-939A-65E46A2629F3}.Release|Any CPU.ActiveCfg = Release|Any CPU
		{657B6041-2247-494A-939A-65E46A2629F3}.Release|Any CPU.Build.0 = Release|Any CPU
	EndGlobalSection
	GlobalSection(SolutionProperties) = preSolution
		HideSolutionNode = FALSE
	EndGlobalSection
	GlobalSection(ExtensibilityGlobals) = postSolution
		SolutionGuid = {7D86FB12-76D6-4DE6-8885-E8E968224C87}
	EndGlobalSection
EndGlobal
